
Microsoft Visual Studio Solution File, Format Version 12.00
# Visual Studio 15
VisualStudioVersion = 15.0.28307.902
MinimumVisualStudioVersion = 10.0.40219.1
Project("{FAE04EC0-301F-11D3-BF4B-00C04F79EFBC}") = "Alonso.Utility", "Alonso.Utility\Alonso.Utility.csproj", "{869B21DF-15C8-4DC6-A263-306B13BD4816}"
EndProject
Global
	GlobalSection(SolutionConfigurationPlatforms) = preSolution
		Debug|Any CPU = Debug|Any CPU
		Release|Any CPU = Release|Any CPU
	EndGlobalSection
	GlobalSection(ProjectConfigurationPlatforms) = postSolution
		{869B21DF-15C8-4DC6-A263-306B13BD4816}.Debug|Any CPU.ActiveCfg = Debug|Any CPU
		{869B21DF-15C8-4DC6-A263-306B13BD4816}.Debug|Any CPU.Build.0 = Debug|Any CPU
		{869B21DF-15C8-4DC6-A263-306B13BD4816}.Release|Any CPU.ActiveCfg = Release|Any CPU
		{869B21DF-15C8-4DC6-A263-306B13BD4816}.Release|Any CPU.Build.0 = Release|Any CPU
	EndGlobalSection
	GlobalSection(SolutionProperties) = preSolution
		HideSolutionNode = FALSE
	EndGlobalSection
	GlobalSection(ExtensibilityGlobals) = postSolution
		SolutionGuid = {1EB0467B-88F1-4F32-A855-729301AA208B}
	EndGlobalSection
EndGlobal
